
Microsoft Visual Studio Solution File, Format Version 12.00
# Visual Studio 2013
VisualStudioVersion = 12.0.40629.0
MinimumVisualStudioVersion = 10.0.40219.1
Project("{FAE04EC0-301F-11D3-BF4B-00C04F79EFBC}") = "Start", "ConsoleApplicationTestNHibernate\Start.csproj", "{215C5B04-DEE7-4D01-8D6E-E0B6FDF751ED}"
EndProject
Project("{FAE04EC0-301F-11D3-BF4B-00C04F79EFBC}") = "Model", "Model.Core\Model.csproj", "{E7F99BF6-44AA-4D4A-B7F3-6584858FFFE6}"
EndProject
Project("{FAE04EC0-301F-11D3-BF4B-00C04F79EFBC}") = "Model.Core.Aspects", "Model.Core.Aspects\Model.Core.Aspects.csproj", "{01B6344E-C187-4562-89F2-0D18A024E6F9}"
EndProject
Project("{FAE04EC0-301F-11D3-BF4B-00C04F79EFBC}") = "Framework", "Framework\Framework.csproj", "{A9836C47-5267-45CD-AE44-177166CAB796}"
EndProject
Project("{FAE04EC0-301F-11D3-BF4B-00C04F79EFBC}") = "Repository.Contract", "Repository\Repository.Contract.csproj", "{B7013A0A-B0D8-470B-8F0B-EE42E11DB8DC}"
EndProject
Project("{FAE04EC0-301F-11D3-BF4B-00C04F79EFBC}") = "TestInterceptionNoLeazyLoading", "TestInterception\TestInterceptionNoLeazyLoading.csproj", "{1C2C9105-A978-4D13-9953-EF88DF2B3E3B}"
EndProject
Project("{FAE04EC0-301F-11D3-BF4B-00C04F79EFBC}") = "RepositoryNHUnity", "RepositoryNHUnity\RepositoryNHUnity.csproj", "{5ED7356C-5C1B-4F93-A471-FB08107C3481}"
EndProject
Project("{FAE04EC0-301F-11D3-BF4B-00C04F79EFBC}") = "NHibernateSimpleProfiler", "NHibernateProfiler\NHibernateSimpleProfiler.csproj", "{BA5D2364-E0BC-4BD5-A46D-206349863886}"
EndProject
Project("{FAE04EC0-301F-11D3-BF4B-00C04F79EFBC}") = "TestInterceptionLeazyLoading", "TestInterceptionLeazyLoading\TestInterceptionLeazyLoading.csproj", "{C5FD4347-A402-4225-9401-A0FFF80D038F}"
EndProject
Project("{FAE04EC0-301F-11D3-BF4B-00C04F79EFBC}") = "TestWithoutInterceptionLeazyLoading", "TestWithoutInterceptionLeazyLoading\TestWithoutInterceptionLeazyLoading.csproj", "{CE026D96-6B05-46A7-816A-4F0408B866B5}"
EndProject
Global
	GlobalSection(SolutionConfigurationPlatforms) = preSolution
		Debug|Any CPU = Debug|Any CPU
		Release|Any CPU = Release|Any CPU
	EndGlobalSection
	GlobalSection(ProjectConfigurationPlatforms) = postSolution
		{215C5B04-DEE7-4D01-8D6E-E0B6FDF751ED}.Debug|Any CPU.ActiveCfg = Debug|Any CPU
		{215C5B04-DEE7-4D01-8D6E-E0B6FDF751ED}.Debug|Any CPU.Build.0 = Debug|Any CPU
		{215C5B04-DEE7-4D01-8D6E-E0B6FDF751ED}.Release|Any CPU.ActiveCfg = Release|Any CPU
		{215C5B04-DEE7-4D01-8D6E-E0B6FDF751ED}.Release|Any CPU.Build.0 = Release|Any CPU
		{E7F99BF6-44AA-4D4A-B7F3-6584858FFFE6}.Debug|Any CPU.ActiveCfg = Debug|Any CPU
		{E7F99BF6-44AA-4D4A-B7F3-6584858FFFE6}.Debug|Any CPU.Build.0 = Debug|Any CPU
		{E7F99BF6-44AA-4D4A-B7F3-6584858FFFE6}.Release|Any CPU.ActiveCfg = Release|Any CPU
		{E7F99BF6-44AA-4D4A-B7F3-6584858FFFE6}.Release|Any CPU.Build.0 = Release|Any CPU
		{01B6344E-C187-4562-89F2-0D18A024E6F9}.Debug|Any CPU.ActiveCfg = Debug|Any CPU
		{01B6344E-C187-4562-89F2-0D18A024E6F9}.Debug|Any CPU.Build.0 = Debug|Any CPU
		{01B6344E-C187-4562-89F2-0D18A024E6F9}.Release|Any CPU.ActiveCfg = Release|Any CPU
		{01B6344E-C187-4562-89F2-0D18A024E6F9}.Release|Any CPU.Build.0 = Release|Any CPU
		{A9836C47-5267-45CD-AE44-177166CAB796}.Debug|Any CPU.ActiveCfg = Debug|Any CPU
		{A9836C47-5267-45CD-AE44-177166CAB796}.Debug|Any CPU.Build.0 = Debug|Any CPU
		{A9836C47-5267-45CD-AE44-177166CAB796}.Release|Any CPU.ActiveCfg = Release|Any CPU
		{A9836C47-5267-45CD-AE44-177166CAB796}.Release|Any CPU.Build.0 = Release|Any CPU
		{B7013A0A-B0D8-470B-8F0B-EE42E11DB8DC}.Debug|Any CPU.ActiveCfg = Debug|Any CPU
		{B7013A0A-B0D8-470B-8F0B-EE42E11DB8DC}.Debug|Any CPU.Build.0 = Debug|Any CPU
		{B7013A0A-B0D8-470B-8F0B-EE42E11DB8DC}.Release|Any CPU.ActiveCfg = Release|Any CPU
		{B7013A0A-B0D8-470B-8F0B-EE42E11DB8DC}.Release|Any CPU.Build.0 = Release|Any CPU
		{1C2C9105-A978-4D13-9953-EF88DF2B3E3B}.Debug|Any CPU.ActiveCfg = Debug|Any CPU
		{1C2C9105-A978-4D13-9953-EF88DF2B3E3B}.Debug|Any CPU.Build.0 = Debug|Any CPU
		{1C2C9105-A978-4D13-9953-EF88DF2B3E3B}.Release|Any CPU.ActiveCfg = Release|Any CPU
		{1C2C9105-A978-4D13-9953-EF88DF2B3E3B}.Release|Any CPU.Build.0 = Release|Any CPU
		{5ED7356C-5C1B-4F93-A471-FB08107C3481}.Debug|Any CPU.ActiveCfg = Debug|Any CPU
		{5ED7356C-5C1B-4F93-A471-FB08107C3481}.Debug|Any CPU.Build.0 = Debug|Any CPU
		{5ED7356C-5C1B-4F93-A471-FB08107C3481}.Release|Any CPU.ActiveCfg = Release|Any CPU
		{5ED7356C-5C1B-4F93-A471-FB08107C3481}.Release|Any CPU.Build.0 = Release|Any CPU
		{BA5D2364-E0BC-4BD5-A46D-206349863886}.Debug|Any CPU.ActiveCfg = Debug|Any CPU
		{BA5D2364-E0BC-4BD5-A46D-206349863886}.Debug|Any CPU.Build.0 = Debug|Any CPU
		{BA5D2364-E0BC-4BD5-A46D-206349863886}.Release|Any CPU.ActiveCfg = Release|Any CPU
		{BA5D2364-E0BC-4BD5-A46D-206349863886}.Release|Any CPU.Build.0 = Release|Any CPU
		{C5FD4347-A402-4225-9401-A0FFF80D038F}.Debug|Any CPU.ActiveCfg = Debug|Any CPU
		{C5FD4347-A402-4225-9401-A0FFF80D038F}.Debug|Any CPU.Build.0 = Debug|Any CPU
		{C5FD4347-A402-4225-9401-A0FFF80D038F}.Release|Any CPU.ActiveCfg = Release|Any CPU
		{C5FD4347-A402-4225-9401-A0FFF80D038F}.Release|Any CPU.Build.0 = Release|Any CPU
		{CE026D96-6B05-46A7-816A-4F0408B866B5}.Debug|Any CPU.ActiveCfg = Debug|Any CPU
		{CE026D96-6B05-46A7-816A-4F0408B866B5}.Debug|Any CPU.Build.0 = Debug|Any CPU
		{CE026D96-6B05-46A7-816A-4F0408B866B5}.Release|Any CPU.ActiveCfg = Release|Any CPU
		{CE026D96-6B05-46A7-816A-4F0408B866B5}.Release|Any CPU.Build.0 = Release|Any CPU
	EndGlobalSection
	GlobalSection(SolutionProperties) = preSolution
		HideSolutionNode = FALSE
	EndGlobalSection
EndGlobal
